
Microsoft Visual Studio Solution File, Format Version 12.00
Project("{FAE04EC0-301F-11D3-BF4B-00C04F79EFBC}") = "First simple DB", "First simple DB\First simple DB.csproj", "{24902F93-D83C-478F-BB52-AA010C2EF844}"
EndProject
Global
	GlobalSection(SolutionConfigurationPlatforms) = preSolution
		Debug|Any CPU = Debug|Any CPU
		Release|Any CPU = Release|Any CPU
	EndGlobalSection
	GlobalSection(ProjectConfigurationPlatforms) = postSolution
		{24902F93-D83C-478F-BB52-AA010C2EF844}.Debug|Any CPU.ActiveCfg = Debug|Any CPU
		{24902F93-D83C-478F-BB52-AA010C2EF844}.Debug|Any CPU.Build.0 = Debug|Any CPU
		{24902F93-D83C-478F-BB52-AA010C2EF844}.Release|Any CPU.ActiveCfg = Release|Any CPU
		{24902F93-D83C-478F-BB52-AA010C2EF844}.Release|Any CPU.Build.0 = Release|Any CPU
	EndGlobalSection
EndGlobal
